
Microsoft Visual Studio Solution File, Format Version 12.00
# Visual Studio Version 18
VisualStudioVersion = 18.0.11121.172 d18.0
MinimumVisualStudioVersion = 10.0.40219.1
Project("{FAE04EC0-301F-11D3-BF4B-00C04F79EFBC}") = "DAL", "DAL\DAL.csproj", "{201B42FD-3F00-451C-AF0F-EC41B08C3729}"
EndProject
Project("{FAE04EC0-301F-11D3-BF4B-00C04F79EFBC}") = "API", "API\API.csproj", "{6F86C091-5DAE-4BF8-974D-A1E279FBAD23}"
EndProject
Project("{FAE04EC0-301F-11D3-BF4B-00C04F79EFBC}") = "BUS", "BUS\BUS.csproj", "{DC5F66B2-1AE8-44BD-89A0-B2ED9CBD37D5}"
EndProject
Project("{FAE04EC0-301F-11D3-BF4B-00C04F79EFBC}") = "WebUI", "WebUI\WebUI.csproj", "{1B62A135-33DE-4367-94C7-3E61372FD8B1}"
EndProject
Project("{FAE04EC0-301F-11D3-BF4B-00C04F79EFBC}") = "AdminWeb", "AdminWeb\AdminWeb.csproj", "{0289D918-9B79-45A3-ABA8-66784366E8D2}"
EndProject
Project("{FAE04EC0-301F-11D3-BF4B-00C04F79EFBC}") = "Helper", "Helper\Helper.csproj", "{69E8A71C-1F23-4820-B30D-C082D986B5A5}"
EndProject
Global
	GlobalSection(SolutionConfigurationPlatforms) = preSolution
		Debug|Any CPU = Debug|Any CPU
		Release|Any CPU = Release|Any CPU
	EndGlobalSection
	GlobalSection(ProjectConfigurationPlatforms) = postSolution
		{201B42FD-3F00-451C-AF0F-EC41B08C3729}.Debug|Any CPU.ActiveCfg = Debug|Any CPU
		{201B42FD-3F00-451C-AF0F-EC41B08C3729}.Debug|Any CPU.Build.0 = Debug|Any CPU
		{201B42FD-3F00-451C-AF0F-EC41B08C3729}.Release|Any CPU.ActiveCfg = Release|Any CPU
		{201B42FD-3F00-451C-AF0F-EC41B08C3729}.Release|Any CPU.Build.0 = Release|Any CPU
		{6F86C091-5DAE-4BF8-974D-A1E279FBAD23}.Debug|Any CPU.ActiveCfg = Debug|Any CPU
		{6F86C091-5DAE-4BF8-974D-A1E279FBAD23}.Debug|Any CPU.Build.0 = Debug|Any CPU
		{6F86C091-5DAE-4BF8-974D-A1E279FBAD23}.Release|Any CPU.ActiveCfg = Release|Any CPU
		{6F86C091-5DAE-4BF8-974D-A1E279FBAD23}.Release|Any CPU.Build.0 = Release|Any CPU
		{DC5F66B2-1AE8-44BD-89A0-B2ED9CBD37D5}.Debug|Any CPU.ActiveCfg = Debug|Any CPU
		{DC5F66B2-1AE8-44BD-89A0-B2ED9CBD37D5}.Debug|Any CPU.Build.0 = Debug|Any CPU
		{DC5F66B2-1AE8-44BD-89A0-B2ED9CBD37D5}.Release|Any CPU.ActiveCfg = Release|Any CPU
		{DC5F66B2-1AE8-44BD-89A0-B2ED9CBD37D5}.Release|Any CPU.Build.0 = Release|Any CPU
		{1B62A135-33DE-4367-94C7-3E61372FD8B1}.Debug|Any CPU.ActiveCfg = Debug|Any CPU
		{1B62A135-33DE-4367-94C7-3E61372FD8B1}.Debug|Any CPU.Build.0 = Debug|Any CPU
		{1B62A135-33DE-4367-94C7-3E61372FD8B1}.Release|Any CPU.ActiveCfg = Release|Any CPU
		{1B62A135-33DE-4367-94C7-3E61372FD8B1}.Release|Any CPU.Build.0 = Release|Any CPU
		{0289D918-9B79-45A3-ABA8-66784366E8D2}.Debug|Any CPU.ActiveCfg = Debug|Any CPU
		{0289D918-9B79-45A3-ABA8-66784366E8D2}.Debug|Any CPU.Build.0 = Debug|Any CPU
		{0289D918-9B79-45A3-ABA8-66784366E8D2}.Release|Any CPU.ActiveCfg = Release|Any CPU
		{0289D918-9B79-45A3-ABA8-66784366E8D2}.Release|Any CPU.Build.0 = Release|Any CPU
		{69E8A71C-1F23-4820-B30D-C082D986B5A5}.Debug|Any CPU.ActiveCfg = Debug|Any CPU
		{69E8A71C-1F23-4820-B30D-C082D986B5A5}.Debug|Any CPU.Build.0 = Debug|Any CPU
		{69E8A71C-1F23-4820-B30D-C082D986B5A5}.Release|Any CPU.ActiveCfg = Release|Any CPU
		{69E8A71C-1F23-4820-B30D-C082D986B5A5}.Release|Any CPU.Build.0 = Release|Any CPU
	EndGlobalSection
	GlobalSection(SolutionProperties) = preSolution
		HideSolutionNode = FALSE
	EndGlobalSection
	GlobalSection(ExtensibilityGlobals) = postSolution
		SolutionGuid = {A42F551D-8AD0-4038-983D-D3EA76105D89}
	EndGlobalSection
EndGlobal
